
Microsoft Visual Studio Solution File, Format Version 12.00
# Visual Studio Version 17
VisualStudioVersion = 17.13.35825.156 d17.13
MinimumVisualStudioVersion = 10.0.40219.1
Project("{FAE04EC0-301F-11D3-BF4B-00C04F79EFBC}") = "LBManage", "LBManage\LBManage.csproj", "{C7288586-5274-4A99-B1A9-ECF89806E595}"
EndProject
Global
	GlobalSection(SolutionConfigurationPlatforms) = preSolution
		Debug|Any CPU = Debug|Any CPU
		Release|Any CPU = Release|Any CPU
	EndGlobalSection
	GlobalSection(ProjectConfigurationPlatforms) = postSolution
		{C7288586-5274-4A99-B1A9-ECF89806E595}.Debug|Any CPU.ActiveCfg = Debug|Any CPU
		{C7288586-5274-4A99-B1A9-ECF89806E595}.Debug|Any CPU.Build.0 = Debug|Any CPU
		{C7288586-5274-4A99-B1A9-ECF89806E595}.Release|Any CPU.ActiveCfg = Release|Any CPU
		{C7288586-5274-4A99-B1A9-ECF89806E595}.Release|Any CPU.Build.0 = Release|Any CPU
	EndGlobalSection
	GlobalSection(SolutionProperties) = preSolution
		HideSolutionNode = FALSE
	EndGlobalSection
	GlobalSection(ExtensibilityGlobals) = postSolution
		SolutionGuid = {A6BD476F-A11D-4552-8811-E643F7B6F3A0}
	EndGlobalSection
EndGlobal
